
Microsoft Visual Studio Solution File, Format Version 12.00
# Visual Studio Version 16
VisualStudioVersion = 16.0.32413.511
MinimumVisualStudioVersion = 10.0.40219.1
Project("{FAE04EC0-301F-11D3-BF4B-00C04F79EFBC}") = "CRM For Real Estate Company", "CRM For Real Estate Company.csproj", "{7C9DAEE7-7017-4DF1-BA3A-6D791A008FF6}"
EndProject
Global
	GlobalSection(SolutionConfigurationPlatforms) = preSolution
		Debug|Any CPU = Debug|Any CPU
		Release|Any CPU = Release|Any CPU
	EndGlobalSection
	GlobalSection(ProjectConfigurationPlatforms) = postSolution
		{7C9DAEE7-7017-4DF1-BA3A-6D791A008FF6}.Debug|Any CPU.ActiveCfg = Debug|Any CPU
		{7C9DAEE7-7017-4DF1-BA3A-6D791A008FF6}.Debug|Any CPU.Build.0 = Debug|Any CPU
		{7C9DAEE7-7017-4DF1-BA3A-6D791A008FF6}.Release|Any CPU.ActiveCfg = Release|Any CPU
		{7C9DAEE7-7017-4DF1-BA3A-6D791A008FF6}.Release|Any CPU.Build.0 = Release|Any CPU
	EndGlobalSection
	GlobalSection(SolutionProperties) = preSolution
		HideSolutionNode = FALSE
	EndGlobalSection
	GlobalSection(ExtensibilityGlobals) = postSolution
		SolutionGuid = {435C16DB-4C53-4FC2-92CE-46EF44629B86}
	EndGlobalSection
EndGlobal
